
Microsoft Visual Studio Solution File, Format Version 12.00
# Visual Studio Version 17
VisualStudioVersion = 17.6.33829.357
MinimumVisualStudioVersion = 10.0.40219.1
Project("{FAE04EC0-301F-11D3-BF4B-00C04F79EFBC}") = "WeatherApi", "WeatherApi\WeatherApi.csproj", "{D8B7C081-1BD8-4864-9209-E12B4898FB72}"
EndProject
Project("{FAE04EC0-301F-11D3-BF4B-00C04F79EFBC}") = "WeatherApi.Tests", "WeatherApi.Tests\WeatherApi.Tests.csproj", "{093D86EB-B34D-4963-A0E3-04EEF30844F3}"
EndProject
Global
	GlobalSection(SolutionConfigurationPlatforms) = preSolution
		Debug|Any CPU = Debug|Any CPU
		Release|Any CPU = Release|Any CPU
	EndGlobalSection
	GlobalSection(ProjectConfigurationPlatforms) = postSolution
		{D8B7C081-1BD8-4864-9209-E12B4898FB72}.Debug|Any CPU.ActiveCfg = Debug|Any CPU
		{D8B7C081-1BD8-4864-9209-E12B4898FB72}.Debug|Any CPU.Build.0 = Debug|Any CPU
		{D8B7C081-1BD8-4864-9209-E12B4898FB72}.Release|Any CPU.ActiveCfg = Release|Any CPU
		{D8B7C081-1BD8-4864-9209-E12B4898FB72}.Release|Any CPU.Build.0 = Release|Any CPU
		{093D86EB-B34D-4963-A0E3-04EEF30844F3}.Debug|Any CPU.ActiveCfg = Debug|Any CPU
		{093D86EB-B34D-4963-A0E3-04EEF30844F3}.Debug|Any CPU.Build.0 = Debug|Any CPU
		{093D86EB-B34D-4963-A0E3-04EEF30844F3}.Release|Any CPU.ActiveCfg = Release|Any CPU
		{093D86EB-B34D-4963-A0E3-04EEF30844F3}.Release|Any CPU.Build.0 = Release|Any CPU
	EndGlobalSection
	GlobalSection(SolutionProperties) = preSolution
		HideSolutionNode = FALSE
	EndGlobalSection
	GlobalSection(ExtensibilityGlobals) = postSolution
		SolutionGuid = {1399BDC1-1E8F-4C5B-9058-7FF2C5A3D78C}
	EndGlobalSection
EndGlobal
